
Microsoft Visual Studio Solution File, Format Version 12.00
Project("{FAE04EC0-301F-11D3-BF4B-00C04F79EFBC}") = "OpenRouterClient", "OpenRouterClient.csproj", "{6766B5F1-2657-4BD2-A86C-F70FC9CEAC22}"
EndProject
Global
	GlobalSection(SolutionConfigurationPlatforms) = preSolution
		Debug|Any CPU = Debug|Any CPU
		Release|Any CPU = Release|Any CPU
	EndGlobalSection
	GlobalSection(ProjectConfigurationPlatforms) = postSolution
		{6766B5F1-2657-4BD2-A86C-F70FC9CEAC22}.Debug|Any CPU.ActiveCfg = Debug|Any CPU
		{6766B5F1-2657-4BD2-A86C-F70FC9CEAC22}.Debug|Any CPU.Build.0 = Debug|Any CPU
		{6766B5F1-2657-4BD2-A86C-F70FC9CEAC22}.Release|Any CPU.ActiveCfg = Release|Any CPU
		{6766B5F1-2657-4BD2-A86C-F70FC9CEAC22}.Release|Any CPU.Build.0 = Release|Any CPU
	EndGlobalSection
EndGlobal
